
Microsoft Visual Studio Solution File, Format Version 12.00
# Visual Studio Version 16
VisualStudioVersion = 16.0.30611.23
MinimumVisualStudioVersion = 10.0.40219.1
Project("{FAE04EC0-301F-11D3-BF4B-00C04F79EFBC}") = "BlueModas", "BlueModas\BlueModas.csproj", "{29467331-5090-47C3-989A-9A58BE46C945}"
EndProject
Global
	GlobalSection(SolutionConfigurationPlatforms) = preSolution
		Debug|Any CPU = Debug|Any CPU
		Release|Any CPU = Release|Any CPU
	EndGlobalSection
	GlobalSection(ProjectConfigurationPlatforms) = postSolution
		{29467331-5090-47C3-989A-9A58BE46C945}.Debug|Any CPU.ActiveCfg = Debug|Any CPU
		{29467331-5090-47C3-989A-9A58BE46C945}.Debug|Any CPU.Build.0 = Debug|Any CPU
		{29467331-5090-47C3-989A-9A58BE46C945}.Release|Any CPU.ActiveCfg = Release|Any CPU
		{29467331-5090-47C3-989A-9A58BE46C945}.Release|Any CPU.Build.0 = Release|Any CPU
	EndGlobalSection
	GlobalSection(SolutionProperties) = preSolution
		HideSolutionNode = FALSE
	EndGlobalSection
	GlobalSection(ExtensibilityGlobals) = postSolution
		SolutionGuid = {5098F8C4-B8F7-453C-849D-2D3F8E3CD2B4}
	EndGlobalSection
EndGlobal
